{
  "lockfileVersion": 3,
  "requires": true,
  "packages": {
    "": {
      "name": "linkedin-sales-navigator-scraper",
      "version": "1.0.0",
      "license": "MIT",
      "dependencies": {
        "apify": "^3.4.0"
      }
    },
    "node_modules/apify": {
      "version": "3.4.0",
      "resolved": "https://registry.npmjs.org/apify/-/apify-3.4.0.tgz",
      "integrity": "sha512-...",
      "engines": {
        "node": ">=14.18.0"
      }
    }
  }
}
