{
  "name": "linkedin-sales-navigator-scraper",
  "version": "0.1.0",
  "lockfileVersion": 3,
  "requires": true,
  "packages": {
    "": {
      "name": "linkedin-sales-navigator-scraper",
      "version": "0.1.0",
      "dependencies": {
        "apify": "^3.0.0",
        "puppeteer": "^19.0.0"
      }
    },
    "node_modules/@apify/consts": {
      "version": "2.40.0",
      "resolved": "https://registry.npmjs.org/@apify/consts/-/consts-2.40.0.tgz",
      "integrity": "sha512-2coaQ97ddsQ4+QRybqGbPE4irqfmkSaUPlbUPQvIcmT+PLdFT1t1iSU61Yy2T1UW5wN3K6UDAqFWNIqxxb0apg==",
      "license": "Apache-2.0"
    }
    // ... Demais dependências omitidas para brevidade, mas presentes no arquivo real ...
  }
}
